
Microsoft Visual Studio Solution File, Format Version 12.00
# Visual Studio Version 17
VisualStudioVersion = 17.0.31903.59
MinimumVisualStudioVersion = 10.0.40219.1
Project("{2150E333-8FDC-42A3-9474-1A3956D46DE8}") = "poc", "poc", "{17305114-C42D-432D-969C-63A6ABDBA066}"
EndProject
Project("{FAE04EC0-301F-11D3-BF4B-00C04F79EFBC}") = "LLamaVoz.Poc.Insertion", "poc\LLamaVoz.Poc.Insertion\LLamaVoz.Poc.Insertion.csproj", "{10184EC6-5DA2-4E36-B39E-467B2DB972E3}"
EndProject
Project("{2150E333-8FDC-42A3-9474-1A3956D46DE8}") = "src", "src", "{EBAECBC2-3A72-4550-83F8-A740307A58C5}"
EndProject
Project("{FAE04EC0-301F-11D3-BF4B-00C04F79EFBC}") = "LLamaVoz.Audio", "src\LLamaVoz.Audio\LLamaVoz.Audio.csproj", "{BB403A2E-0FB9-42BE-A04D-B673F5ADBF95}"
EndProject
Project("{FAE04EC0-301F-11D3-BF4B-00C04F79EFBC}") = "LLamaVoz.Core", "src\LLamaVoz.Core\LLamaVoz.Core.csproj", "{493F6BF0-FE4C-4101-9A01-D04AF0073DBA}"
EndProject
Project("{FAE04EC0-301F-11D3-BF4B-00C04F79EFBC}") = "LLamaVoz.Inference", "src\LLamaVoz.Inference\LLamaVoz.Inference.csproj", "{1324DAC2-B828-4CC9-B5FF-BAE3302B9DF1}"
EndProject
Project("{FAE04EC0-301F-11D3-BF4B-00C04F79EFBC}") = "LLamaVoz.Insertion", "src\LLamaVoz.Insertion\LLamaVoz.Insertion.csproj", "{1B6D9C2A-69BB-4ADF-A569-46E81242F9AC}"
EndProject
Project("{FAE04EC0-301F-11D3-BF4B-00C04F79EFBC}") = "LLamaVoz.Ipc", "src\LLamaVoz.Ipc\LLamaVoz.Ipc.csproj", "{092F494F-0825-4130-BA6E-B7A685066337}"
EndProject
Project("{FAE04EC0-301F-11D3-BF4B-00C04F79EFBC}") = "LLamaVoz.Storage", "src\LLamaVoz.Storage\LLamaVoz.Storage.csproj", "{1DED3007-CB23-4F6C-8AA6-A2863B00F432}"
EndProject
Project("{2150E333-8FDC-42A3-9474-1A3956D46DE8}") = "tests", "tests", "{BAC61536-CAEA-443C-A89C-C9E3E22B78D8}"
EndProject
Project("{FAE04EC0-301F-11D3-BF4B-00C04F79EFBC}") = "LLamaVoz.Core.Tests", "tests\LLamaVoz.Core.Tests\LLamaVoz.Core.Tests.csproj", "{8B614312-E798-445E-AE29-B67EED0AE695}"
EndProject
Project("{FAE04EC0-301F-11D3-BF4B-00C04F79EFBC}") = "LLamaVoz.Poc.Asr", "poc\LLamaVoz.Poc.Asr\LLamaVoz.Poc.Asr.csproj", "{945EB27F-2C8D-46F4-9EF0-8D5E39123C24}"
EndProject
Project("{FAE04EC0-301F-11D3-BF4B-00C04F79EFBC}") = "LLamaVoz.App", "src\LLamaVoz.App\LLamaVoz.App.csproj", "{B6BFC588-4D93-4464-AA83-B2071C083490}"
EndProject
Project("{FAE04EC0-301F-11D3-BF4B-00C04F79EFBC}") = "LLamaVoz.Poc.Eval", "poc\LLamaVoz.Poc.Eval\LLamaVoz.Poc.Eval.csproj", "{75E9BAE9-2FE0-4CAB-A58C-360CCCB6AD27}"
EndProject
Project("{2150E333-8FDC-42A3-9474-1A3956D46DE8}") = "evals", "evals", "{F7B0C252-B4CF-4BC9-834B-EC71C6A82AC4}"
EndProject
Project("{FAE04EC0-301F-11D3-BF4B-00C04F79EFBC}") = "LLamaVoz.Evals", "evals\LLamaVoz.Evals\LLamaVoz.Evals.csproj", "{8C3ADCD6-45EE-4F32-B58E-A79E91BD38CC}"
EndProject
Global
	GlobalSection(SolutionConfigurationPlatforms) = preSolution
		Debug|Any CPU = Debug|Any CPU
		Release|Any CPU = Release|Any CPU
	EndGlobalSection
	GlobalSection(SolutionProperties) = preSolution
		HideSolutionNode = FALSE
	EndGlobalSection
	GlobalSection(ProjectConfigurationPlatforms) = postSolution
		{10184EC6-5DA2-4E36-B39E-467B2DB972E3}.Debug|Any CPU.ActiveCfg = Debug|Any CPU
		{10184EC6-5DA2-4E36-B39E-467B2DB972E3}.Debug|Any CPU.Build.0 = Debug|Any CPU
		{10184EC6-5DA2-4E36-B39E-467B2DB972E3}.Release|Any CPU.ActiveCfg = Release|Any CPU
		{10184EC6-5DA2-4E36-B39E-467B2DB972E3}.Release|Any CPU.Build.0 = Release|Any CPU
		{BB403A2E-0FB9-42BE-A04D-B673F5ADBF95}.Debug|Any CPU.ActiveCfg = Debug|Any CPU
		{BB403A2E-0FB9-42BE-A04D-B673F5ADBF95}.Debug|Any CPU.Build.0 = Debug|Any CPU
		{BB403A2E-0FB9-42BE-A04D-B673F5ADBF95}.Release|Any CPU.ActiveCfg = Release|Any CPU
		{BB403A2E-0FB9-42BE-A04D-B673F5ADBF95}.Release|Any CPU.Build.0 = Release|Any CPU
		{493F6BF0-FE4C-4101-9A01-D04AF0073DBA}.Debug|Any CPU.ActiveCfg = Debug|Any CPU
		{493F6BF0-FE4C-4101-9A01-D04AF0073DBA}.Debug|Any CPU.Build.0 = Debug|Any CPU
		{493F6BF0-FE4C-4101-9A01-D04AF0073DBA}.Release|Any CPU.ActiveCfg = Release|Any CPU
		{493F6BF0-FE4C-4101-9A01-D04AF0073DBA}.Release|Any CPU.Build.0 = Release|Any CPU
		{1324DAC2-B828-4CC9-B5FF-BAE3302B9DF1}.Debug|Any CPU.ActiveCfg = Debug|Any CPU
		{1324DAC2-B828-4CC9-B5FF-BAE3302B9DF1}.Debug|Any CPU.Build.0 = Debug|Any CPU
		{1324DAC2-B828-4CC9-B5FF-BAE3302B9DF1}.Release|Any CPU.ActiveCfg = Release|Any CPU
		{1324DAC2-B828-4CC9-B5FF-BAE3302B9DF1}.Release|Any CPU.Build.0 = Release|Any CPU
		{1B6D9C2A-69BB-4ADF-A569-46E81242F9AC}.Debug|Any CPU.ActiveCfg = Debug|Any CPU
		{1B6D9C2A-69BB-4ADF-A569-46E81242F9AC}.Debug|Any CPU.Build.0 = Debug|Any CPU
		{1B6D9C2A-69BB-4ADF-A569-46E81242F9AC}.Release|Any CPU.ActiveCfg = Release|Any CPU
		{1B6D9C2A-69BB-4ADF-A569-46E81242F9AC}.Release|Any CPU.Build.0 = Release|Any CPU
		{092F494F-0825-4130-BA6E-B7A685066337}.Debug|Any CPU.ActiveCfg = Debug|Any CPU
		{092F494F-0825-4130-BA6E-B7A685066337}.Debug|Any CPU.Build.0 = Debug|Any CPU
		{092F494F-0825-4130-BA6E-B7A685066337}.Release|Any CPU.ActiveCfg = Release|Any CPU
		{092F494F-0825-4130-BA6E-B7A685066337}.Release|Any CPU.Build.0 = Release|Any CPU
		{1DED3007-CB23-4F6C-8AA6-A2863B00F432}.Debug|Any CPU.ActiveCfg = Debug|Any CPU
		{1DED3007-CB23-4F6C-8AA6-A2863B00F432}.Debug|Any CPU.Build.0 = Debug|Any CPU
		{1DED3007-CB23-4F6C-8AA6-A2863B00F432}.Release|Any CPU.ActiveCfg = Release|Any CPU
		{1DED3007-CB23-4F6C-8AA6-A2863B00F432}.Release|Any CPU.Build.0 = Release|Any CPU
		{8B614312-E798-445E-AE29-B67EED0AE695}.Debug|Any CPU.ActiveCfg = Debug|Any CPU
		{8B614312-E798-445E-AE29-B67EED0AE695}.Debug|Any CPU.Build.0 = Debug|Any CPU
		{8B614312-E798-445E-AE29-B67EED0AE695}.Release|Any CPU.ActiveCfg = Release|Any CPU
		{8B614312-E798-445E-AE29-B67EED0AE695}.Release|Any CPU.Build.0 = Release|Any CPU
		{945EB27F-2C8D-46F4-9EF0-8D5E39123C24}.Debug|Any CPU.ActiveCfg = Debug|Any CPU
		{945EB27F-2C8D-46F4-9EF0-8D5E39123C24}.Debug|Any CPU.Build.0 = Debug|Any CPU
		{945EB27F-2C8D-46F4-9EF0-8D5E39123C24}.Release|Any CPU.ActiveCfg = Release|Any CPU
		{945EB27F-2C8D-46F4-9EF0-8D5E39123C24}.Release|Any CPU.Build.0 = Release|Any CPU
		{B6BFC588-4D93-4464-AA83-B2071C083490}.Debug|Any CPU.ActiveCfg = Debug|Any CPU
		{B6BFC588-4D93-4464-AA83-B2071C083490}.Debug|Any CPU.Build.0 = Debug|Any CPU
		{B6BFC588-4D93-4464-AA83-B2071C083490}.Release|Any CPU.ActiveCfg = Release|Any CPU
		{B6BFC588-4D93-4464-AA83-B2071C083490}.Release|Any CPU.Build.0 = Release|Any CPU
		{75E9BAE9-2FE0-4CAB-A58C-360CCCB6AD27}.Debug|Any CPU.ActiveCfg = Debug|Any CPU
		{75E9BAE9-2FE0-4CAB-A58C-360CCCB6AD27}.Debug|Any CPU.Build.0 = Debug|Any CPU
		{75E9BAE9-2FE0-4CAB-A58C-360CCCB6AD27}.Release|Any CPU.ActiveCfg = Release|Any CPU
		{75E9BAE9-2FE0-4CAB-A58C-360CCCB6AD27}.Release|Any CPU.Build.0 = Release|Any CPU
		{8C3ADCD6-45EE-4F32-B58E-A79E91BD38CC}.Debug|Any CPU.ActiveCfg = Debug|Any CPU
		{8C3ADCD6-45EE-4F32-B58E-A79E91BD38CC}.Debug|Any CPU.Build.0 = Debug|Any CPU
		{8C3ADCD6-45EE-4F32-B58E-A79E91BD38CC}.Release|Any CPU.ActiveCfg = Release|Any CPU
		{8C3ADCD6-45EE-4F32-B58E-A79E91BD38CC}.Release|Any CPU.Build.0 = Release|Any CPU
	EndGlobalSection
	GlobalSection(NestedProjects) = preSolution
		{10184EC6-5DA2-4E36-B39E-467B2DB972E3} = {17305114-C42D-432D-969C-63A6ABDBA066}
		{BB403A2E-0FB9-42BE-A04D-B673F5ADBF95} = {EBAECBC2-3A72-4550-83F8-A740307A58C5}
		{493F6BF0-FE4C-4101-9A01-D04AF0073DBA} = {EBAECBC2-3A72-4550-83F8-A740307A58C5}
		{1324DAC2-B828-4CC9-B5FF-BAE3302B9DF1} = {EBAECBC2-3A72-4550-83F8-A740307A58C5}
		{1B6D9C2A-69BB-4ADF-A569-46E81242F9AC} = {EBAECBC2-3A72-4550-83F8-A740307A58C5}
		{092F494F-0825-4130-BA6E-B7A685066337} = {EBAECBC2-3A72-4550-83F8-A740307A58C5}
		{1DED3007-CB23-4F6C-8AA6-A2863B00F432} = {EBAECBC2-3A72-4550-83F8-A740307A58C5}
		{8B614312-E798-445E-AE29-B67EED0AE695} = {BAC61536-CAEA-443C-A89C-C9E3E22B78D8}
		{945EB27F-2C8D-46F4-9EF0-8D5E39123C24} = {17305114-C42D-432D-969C-63A6ABDBA066}
		{B6BFC588-4D93-4464-AA83-B2071C083490} = {EBAECBC2-3A72-4550-83F8-A740307A58C5}
		{75E9BAE9-2FE0-4CAB-A58C-360CCCB6AD27} = {17305114-C42D-432D-969C-63A6ABDBA066}
		{8C3ADCD6-45EE-4F32-B58E-A79E91BD38CC} = {F7B0C252-B4CF-4BC9-834B-EC71C6A82AC4}
	EndGlobalSection
EndGlobal
